{
  "requires": true,
  "lockfileVersion": 1,
  "dependencies": {
    "@kyvg/vue3-notification": {
      "version": "2.3.4",
      "resolved": "https://registry.npmjs.org/@kyvg/vue3-notification/-/vue3-notification-2.3.4.tgz",
      "integrity": "sha512-20Km1L75gncIZCjosT1OKbJl9HhNiOd7LRXqVIqlehHHem9NgBjQhDFz6XGo1RcF0MyA4/BC7kV7tcq/PMT+tA=="
    },
    "@nestjs/config": {
      "version": "2.0.0",
      "resolved": "https://registry.npmjs.org/@nestjs/config/-/config-2.0.0.tgz",
      "integrity": "sha512-Hi1k/1S5ogsS5c0OtNm72thiLSngijOaLDFaGI5ZPxNGpF23lctPg6ox3pYIOhXVRX/u+eiUIp71gswH2k8YNw==",
      "requires": {
        "dotenv": "16.0.0",
        "dotenv-expand": "8.0.2",
        "lodash": "4.17.21",
        "uuid": "8.3.2"
      }
    },
    "@types/node": {
      "version": "17.0.32",
      "resolved": "https://registry.npmjs.org/@types/node/-/node-17.0.32.tgz",
      "integrity": "sha512-eAIcfAvhf/BkHcf4pkLJ7ECpBAhh9kcxRBpip9cTiO+hf+aJrsxYxBeS6OXvOd9WqNAJmavXVpZvY1rBjNsXmw==",
      "dev": true
    },
    "dotenv": {
      "version": "16.0.0",
      "resolved": "https://registry.npmjs.org/dotenv/-/dotenv-16.0.0.tgz",
      "integrity": "sha512-qD9WU0MPM4SWLPJy/r2Be+2WgQj8plChsyrCNQzW/0WjvcJQiKQJ9mH3ZgB3fxbUUxgc/11ZJ0Fi5KiimWGz2Q=="
    },
    "dotenv-expand": {
      "version": "8.0.2",
      "resolved": "https://registry.npmjs.org/dotenv-expand/-/dotenv-expand-8.0.2.tgz",
      "integrity": "sha512-vKKAk+VOzAWOV/dPIeSYqhgC/TQY+6L6Ibkzfsr8xd1stdBsTuGu9asCOXgbYbBeS+f2Y6lqqEuw7riOA+xEUQ=="
    },
    "lodash": {
      "version": "4.17.21",
      "resolved": "https://registry.npmjs.org/lodash/-/lodash-4.17.21.tgz",
      "integrity": "sha512-v2kDEe57lecTulaDIuNTPy3Ry4gLGJ6Z1O3vE1krgXZNrsQ+LFTGHVxVjcXPs17LhbZVGedAJv8XZ1tvj5FvSg=="
    },
    "uuid": {
      "version": "8.3.2",
      "resolved": "https://registry.npmjs.org/uuid/-/uuid-8.3.2.tgz",
      "integrity": "sha512-+NYs2QeMWy+GWFOEm9xnn6HCDp0l7QBD7ml8zLUmJ+93Q5NF0NocErnwkTkXVFNiX3/fpC6afS8Dhb/gz7R7eg=="
    }
  }
}
